
Microsoft Visual Studio Solution File, Format Version 12.00
# Visual Studio Version 16
VisualStudioVersion = 16.0.30611.23
MinimumVisualStudioVersion = 10.0.40219.1
Project("{FAE04EC0-301F-11D3-BF4B-00C04F79EFBC}") = "DataDive", "DataDive\DataDive.csproj", "{ED12C8E5-EAF9-4E96-8922-CFD2CD4573EC}"
EndProject
Global
	GlobalSection(SolutionConfigurationPlatforms) = preSolution
		Debug|Any CPU = Debug|Any CPU
		Release|Any CPU = Release|Any CPU
	EndGlobalSection
	GlobalSection(ProjectConfigurationPlatforms) = postSolution
		{ED12C8E5-EAF9-4E96-8922-CFD2CD4573EC}.Debug|Any CPU.ActiveCfg = Debug|Any CPU
		{ED12C8E5-EAF9-4E96-8922-CFD2CD4573EC}.Debug|Any CPU.Build.0 = Debug|Any CPU
		{ED12C8E5-EAF9-4E96-8922-CFD2CD4573EC}.Release|Any CPU.ActiveCfg = Release|Any CPU
		{ED12C8E5-EAF9-4E96-8922-CFD2CD4573EC}.Release|Any CPU.Build.0 = Release|Any CPU
	EndGlobalSection
	GlobalSection(SolutionProperties) = preSolution
		HideSolutionNode = FALSE
	EndGlobalSection
	GlobalSection(ExtensibilityGlobals) = postSolution
		SolutionGuid = {4911CFC8-897A-46EB-8AEC-F3999E1B3717}
	EndGlobalSection
EndGlobal
